// !$*UTF8*$!
{
	archiveVersion = 1;
	classes = {
	};
	objectVersion = 46;
	objects = {

/* Begin PBXBuildFile section */
		C312B0891A1F1C1F005B27FA /* AppDelegate.swift in Sources */ = {isa = PBXBuildFile; fileRef = C312B0881A1F1C1F005B27FA /* AppDelegate.swift */; };
		C312B08B1A1F1C1F005B27FA /* ViewController.swift in Sources */ = {isa = PBXBuildFile; fileRef = C312B08A1A1F1C1F005B27FA /* ViewController.swift */; };
		C312B08E1A1F1C1F005B27FA /* Main.storyboard in Resources */ = {isa = PBXBuildFile; fileRef = C312B08C1A1F1C1F005B27FA /* Main.storyboard */; };
		C312B0901A1F1C1F005B27FA /* Images.xcassets in Resources */ = {isa = PBXBuildFile; fileRef = C312B08F1A1F1C1F005B27FA /* Images.xcassets */; };
		C312B0931A1F1C1F005B27FA /* LaunchScreen.xib in Resources */ = {isa = PBXBuildFile; fileRef = C312B0911A1F1C1F005B27FA /* LaunchScreen.xib */; };
		C312B09F1A1F1C20005B27FA /* DDynamicButtonDemoTests.swift in Sources */ = {isa = PBXBuildFile; fileRef = C312B09E1A1F1C20005B27FA /* DDynamicButtonDemoTests.swift */; };
		C312B0A91A1F1F1F005B27FA /* DDynamicButton.swift in Sources */ = {isa = PBXBuildFile; fileRef = C312B0A81A1F1F1F005B27FA /* DDynamicButton.swift */; };
/* End PBXBuildFile section */

/* Begin PBXContainerItemProxy section */
		C312B0991A1F1C20005B27FA /* PBXContainerItemProxy */ = {
			isa = PBXContainerItemProxy;
			containerPortal = C312B07B1A1F1C1F005B27FA /* Project object */;
			proxyType = 1;
			remoteGlobalIDString = C312B0821A1F1C1F005B27FA;
			remoteInfo = DDynamicButtonDemo;
		};
/* End PBXContainerItemProxy section */

/* Begin PBXFileReference section */
		C312B0831A1F1C1F005B27FA /* DDynamicButtonDemo.app */ = {isa = PBXFileReference; explicitFileType = wrapper.application; includeInIndex = 0; path = DDynamicButtonDemo.app; sourceTree = BUILT_PRODUCTS_DIR; };
		C312B0871A1F1C1F005B27FA /* Info.plist */ = {isa = PBXFileReference; lastKnownFileType = text.plist.xml; path = Info.plist; sourceTree = "<group>"; };
		C312B0881A1F1C1F005B27FA /* AppDelegate.swift */ = {isa = PBXFileReference; lastKnownFileType = sourcecode.swift; path = AppDelegate.swift; sourceTree = "<group>"; };
		C312B08A1A1F1C1F005B27FA /* ViewController.swift */ = {isa = PBXFileReference; lastKnownFileType = sourcecode.swift; path = ViewController.swift; sourceTree = "<group>"; };
		C312B08D1A1F1C1F005B27FA /* Base */ = {isa = PBXFileReference; lastKnownFileType = file.storyboard; name = Base; path = Base.lproj/Main.storyboard; sourceTree = "<group>"; };
		C312B08F1A1F1C1F005B27FA /* Images.xcassets */ = {isa = PBXFileReference; lastKnownFileType = folder.assetcatalog; path = Images.xcassets; sourceTree = "<group>"; };
		C312B0921A1F1C1F005B27FA /* Base */ = {isa = PBXFileReference; lastKnownFileType = file.xib; name = Base; path = Base.lproj/LaunchScreen.xib; sourceTree = "<group>"; };
		C312B0981A1F1C20005B27FA /* DDynamicButtonDemoTests.xctest */ = {isa = PBXFileReference; explicitFileType = wrapper.cfbundle; includeInIndex = 0; path = DDynamicButtonDemoTests.xctest; sourceTree = BUILT_PRODUCTS_DIR; };
		C312B09D1A1F1C20005B27FA /* Info.plist */ = {isa = PBXFileReference; lastKnownFileType = text.plist.xml; path = Info.plist; sourceTree = "<group>"; };
		C312B09E1A1F1C20005B27FA /* DDynamicButtonDemoTests.swift */ = {isa = PBXFileReference; lastKnownFileType = sourcecode.swift; path = DDynamicButtonDemoTests.swift; sourceTree = "<group>"; };
		C312B0A81A1F1F1F005B27FA /* DDynamicButton.swift */ = {isa = PBXFileReference; fileEncoding = 4; lastKnownFileType = sourcecode.swift; name = DDynamicButton.swift; path = ../DDynamicButton.swift; sourceTree = "<group>"; };
/* End PBXFileReference section */

/* Begin PBXFrameworksBuildPhase section */
		C312B0801A1F1C1F005B27FA /* Frameworks */ = {
			isa = PBXFrameworksBuildPhase;
			buildActionMask = 2147483647;
			files = (
			);
			runOnlyForDeploymentPostprocessing = 0;
		};
		C312B0951A1F1C20005B27FA /* Frameworks */ = {
			isa = PBXFrameworksBuildPhase;
			buildActionMask = 2147483647;
			files = (
			);
			runOnlyForDeploymentPostprocessing = 0;
		};
/* End PBXFrameworksBuildPhase section */

/* Begin PBXGroup section */
		C312B07A1A1F1C1F005B27FA = {
			isa = PBXGroup;
			children = (
				C312B0851A1F1C1F005B27FA /* DDynamicButtonDemo */,
				C312B09B1A1F1C20005B27FA /* DDynamicButtonDemoTests */,
				C312B0841A1F1C1F005B27FA /* Products */,
			);
			sourceTree = "<group>";
		};
		C312B0841A1F1C1F005B27FA /* Products */ = {
			isa = PBXGroup;
			children = (
				C312B0831A1F1C1F005B27FA /* DDynamicButtonDemo.app */,
				C312B0981A1F1C20005B27FA /* DDynamicButtonDemoTests.xctest */,
			);
			name = Products;
			sourceTree = "<group>";
		};
		C312B0851A1F1C1F005B27FA /* DDynamicButtonDemo */ = {
			isa = PBXGroup;
			children = (
				C3CB2EA41A1F631900CF4165 /* Class */,
				C312B0881A1F1C1F005B27FA /* AppDelegate.swift */,
				C312B08A1A1F1C1F005B27FA /* ViewController.swift */,
				C312B08C1A1F1C1F005B27FA /* Main.storyboard */,
				C312B08F1A1F1C1F005B27FA /* Images.xcassets */,
				C312B0911A1F1C1F005B27FA /* LaunchScreen.xib */,
				C312B0861A1F1C1F005B27FA /* Supporting Files */,
			);
			path = DDynamicButtonDemo;
			sourceTree = "<group>";
		};
		C312B0861A1F1C1F005B27FA /* Supporting Files */ = {
			isa = PBXGroup;
			children = (
				C312B0871A1F1C1F005B27FA /* Info.plist */,
			);
			name = "Supporting Files";
			sourceTree = "<group>";
		};
		C312B09B1A1F1C20005B27FA /* DDynamicButtonDemoTests */ = {
			isa = PBXGroup;
			children = (
				C312B09E1A1F1C20005B27FA /* DDynamicButtonDemoTests.swift */,
				C312B09C1A1F1C20005B27FA /* Supporting Files */,
			);
			path = DDynamicButtonDemoTests;
			sourceTree = "<group>";
		};
		C312B09C1A1F1C20005B27FA /* Supporting Files */ = {
			isa = PBXGroup;
			children = (
				C312B09D1A1F1C20005B27FA /* Info.plist */,
			);
			name = "Supporting Files";
			sourceTree = "<group>";
		};
		C3CB2EA41A1F631900CF4165 /* Class */ = {
			isa = PBXGroup;
			children = (
				C312B0A81A1F1F1F005B27FA /* DDynamicButton.swift */,
			);
			name = Class;
			sourceTree = "<group>";
		};
/* End PBXGroup section */

/* Begin PBXNativeTarget section */
		C312B0821A1F1C1F005B27FA /* DDynamicButtonDemo */ = {
			isa = PBXNativeTarget;
			buildConfigurationList = C312B0A21A1F1C20005B27FA /* Build configuration list for PBXNativeTarget "DDynamicButtonDemo" */;
			buildPhases = (
				C312B07F1A1F1C1F005B27FA /* Sources */,
				C312B0801A1F1C1F005B27FA /* Frameworks */,
				C312B0811A1F1C1F005B27FA /* Resources */,
			);
			buildRules = (
			);
			dependencies = (
			);
			name = DDynamicButtonDemo;
			productName = DDynamicButtonDemo;
			productReference = C312B0831A1F1C1F005B27FA /* DDynamicButtonDemo.app */;
			productType = "com.apple.product-type.application";
		};
		C312B0971A1F1C20005B27FA /* DDynamicButtonDemoTests */ = {
			isa = PBXNativeTarget;
			buildConfigurationList = C312B0A51A1F1C20005B27FA /* Build configuration list for PBXNativeTarget "DDynamicButtonDemoTests" */;
			buildPhases = (
				C312B0941A1F1C20005B27FA /* Sources */,
				C312B0951A1F1C20005B27FA /* Frameworks */,
				C312B0961A1F1C20005B27FA /* Resources */,
			);
			buildRules = (
			);
			dependencies = (
				C312B09A1A1F1C20005B27FA /* PBXTargetDependency */,
			);
			name = DDynamicButtonDemoTests;
			productName = DDynamicButtonDemoTests;
			productReference = C312B0981A1F1C20005B27FA /* DDynamicButtonDemoTests.xctest */;
			productType = "com.apple.product-type.bundle.unit-test";
		};
/* End PBXNativeTarget section */

/* Begin PBXProject section */
		C312B07B1A1F1C1F005B27FA /* Project object */ = {
			isa = PBXProject;
			attributes = {
				LastUpgradeCheck = 0610;
				ORGANIZATIONNAME = "monk-studio";
				TargetAttributes = {
					C312B0821A1F1C1F005B27FA = {
						CreatedOnToolsVersion = 6.1;
					};
					C312B0971A1F1C20005B27FA = {
						CreatedOnToolsVersion = 6.1;
						TestTargetID = C312B0821A1F1C1F005B27FA;
					};
				};
			};
			buildConfigurationList = C312B07E1A1F1C1F005B27FA /* Build configuration list for PBXProject "DDynamicButtonDemo" */;
			compatibilityVersion = "Xcode 3.2";
			developmentRegion = English;
			hasScannedForEncodings = 0;
			knownRegions = (
				en,
				Base,
			);
			mainGroup = C312B07A1A1F1C1F005B27FA;
			productRefGroup = C312B0841A1F1C1F005B27FA /* Products */;
			projectDirPath = "";
			projectRoot = "";
			targets = (
				C312B0821A1F1C1F005B27FA /* DDynamicButtonDemo */,
				C312B0971A1F1C20005B27FA /* DDynamicButtonDemoTests */,
			);
		};
/* End PBXProject section */

/* Begin PBXResourcesBuildPhase section */
		C312B0811A1F1C1F005B27FA /* Resources */ = {
			isa = PBXResourcesBuildPhase;
			buildActionMask = 2147483647;
			files = (
				C312B08E1A1F1C1F005B27FA /* Main.storyboard in Resources */,
				C312B0931A1F1C1F005B27FA /* LaunchScreen.xib in Resources */,
				C312B0901A1F1C1F005B27FA /* Images.xcassets in Resources */,
			);
			runOnlyForDeploymentPostprocessing = 0;
		};
		C312B0961A1F1C20005B27FA /* Resources */ = {
			isa = PBXResourcesBuildPhase;
			buildActionMask = 2147483647;
			files = (
			);
			runOnlyForDeploymentPostprocessing = 0;
		};
/* End PBXResourcesBuildPhase section */

/* Begin PBXSourcesBuildPhase section */
		C312B07F1A1F1C1F005B27FA /* Sources */ = {
			isa = PBXSourcesBuildPhase;
			buildActionMask = 2147483647;
			files = (
				C312B08B1A1F1C1F005B27FA /* ViewController.swift in Sources */,
				C312B0891A1F1C1F005B27FA /* AppDelegate.swift in Sources */,
				C312B0A91A1F1F1F005B27FA /* DDynamicButton.swift in Sources */,
			);
			runOnlyForDeploymentPostprocessing = 0;
		};
		C312B0941A1F1C20005B27FA /* Sources */ = {
			isa = PBXSourcesBuildPhase;
			buildActionMask = 2147483647;
			files = (
				C312B09F1A1F1C20005B27FA /* DDynamicButtonDemoTests.swift in Sources */,
			);
			runOnlyForDeploymentPostprocessing = 0;
		};
/* End PBXSourcesBuildPhase section */

/* Begin PBXTargetDependency section */
		C312B09A1A1F1C20005B27FA /* PBXTargetDependency */ = {
			isa = PBXTargetDependency;
			target = C312B0821A1F1C1F005B27FA /* DDynamicButtonDemo */;
			targetProxy = C312B0991A1F1C20005B27FA /* PBXContainerItemProxy */;
		};
/* End PBXTargetDependency section */

/* Begin PBXVariantGroup section */
		C312B08C1A1F1C1F005B27FA /* Main.storyboard */ = {
			isa = PBXVariantGroup;
			children = (
				C312B08D1A1F1C1F005B27FA /* Base */,
			);
			name = Main.storyboard;
			sourceTree = "<group>";
		};
		C312B0911A1F1C1F005B27FA /* LaunchScreen.xib */ = {
			isa = PBXVariantGroup;
			children = (
				C312B0921A1F1C1F005B27FA /* Base */,
			);
			name = LaunchScreen.xib;
			sourceTree = "<group>";
		};
/* End PBXVariantGroup section */

/* Begin XCBuildConfiguration section */
		C312B0A01A1F1C20005B27FA /* Debug */ = {
			isa = XCBuildConfiguration;
			buildSettings = {
				ALWAYS_SEARCH_USER_PATHS = NO;
				CLANG_CXX_LANGUAGE_STANDARD = "gnu++0x";
				CLANG_CXX_LIBRARY = "libc++";
				CLANG_ENABLE_MODULES = YES;
				CLANG_ENABLE_OBJC_ARC = YES;
				CLANG_WARN_BOOL_CONVERSION = YES;
				CLANG_WARN_CONSTANT_CONVERSION = YES;
				CLANG_WARN_DIRECT_OBJC_ISA_USAGE = YES_ERROR;
				CLANG_WARN_EMPTY_BODY = YES;
				CLANG_WARN_ENUM_CONVERSION = YES;
				CLANG_WARN_INT_CONVERSION = YES;
				CLANG_WARN_OBJC_ROOT_CLASS = YES_ERROR;
				CLANG_WARN_UNREACHABLE_CODE = YES;
				CLANG_WARN__DUPLICATE_METHOD_MATCH = YES;
				"CODE_SIGN_IDENTITY[sdk=iphoneos*]" = "iPhone Developer";
				COPY_PHASE_STRIP = NO;
				ENABLE_STRICT_OBJC_MSGSEND = YES;
				GCC_C_LANGUAGE_STANDARD = gnu99;
				GCC_DYNAMIC_NO_PIC = NO;
				GCC_OPTIMIZATION_LEVEL = 0;
				GCC_PREPROCESSOR_DEFINITIONS = (
					"DEBUG=1",
					"$(inherited)",
				);
				GCC_SYMBOLS_PRIVATE_EXTERN = NO;
				GCC_WARN_64_TO_32_BIT_CONVERSION = YES;
				GCC_WARN_ABOUT_RETURN_TYPE = YES_ERROR;
				GCC_WARN_UNDECLARED_SELECTOR = YES;
				GCC_WARN_UNINITIALIZED_AUTOS = YES_AGGRESSIVE;
				GCC_WARN_UNUSED_FUNCTION = YES;
				GCC_WARN_UNUSED_VARIABLE = YES;
				IPHONEOS_DEPLOYMENT_TARGET = 8.1;
				MTL_ENABLE_DEBUG_INFO = YES;
				ONLY_ACTIVE_ARCH = YES;
				SDKROOT = iphoneos;
				SWIFT_OPTIMIZATION_LEVEL = "-Onone";
			};
			name = Debug;
		};
		C312B0A11A1F1C20005B27FA /* Release */ = {
			isa = XCBuildConfiguration;
			buildSettings = {
				ALWAYS_SEARCH_USER_PATHS = NO;
				CLANG_CXX_LANGUAGE_STANDARD = "gnu++0x";
				CLANG_CXX_LIBRARY = "libc++";
				CLANG_ENABLE_MODULES = YES;
				CLANG_ENABLE_OBJC_ARC = YES;
				CLANG_WARN_BOOL_CONVERSION = YES;
				CLANG_WARN_CONSTANT_CONVERSION = YES;
				CLANG_WARN_DIRECT_OBJC_ISA_USAGE = YES_ERROR;
				CLANG_WARN_EMPTY_BODY = YES;
				CLANG_WARN_ENUM_CONVERSION = YES;
				CLANG_WARN_INT_CONVERSION = YES;
				CLANG_WARN_OBJC_ROOT_CLASS = YES_ERROR;
				CLANG_WARN_UNREACHABLE_CODE = YES;
				CLANG_WARN__DUPLICATE_METHOD_MATCH = YES;
				"CODE_SIGN_IDENTITY[sdk=iphoneos*]" = "iPhone Developer";
				COPY_PHASE_STRIP = YES;
				ENABLE_NS_ASSERTIONS = NO;
				ENABLE_STRICT_OBJC_MSGSEND = YES;
				GCC_C_LANGUAGE_STANDARD = gnu99;
				GCC_WARN_64_TO_32_BIT_CONVERSION = YES;
				GCC_WARN_ABOUT_RETURN_TYPE = YES_ERROR;
				GCC_WARN_UNDECLARED_SELECTOR = YES;
				GCC_WARN_UNINITIALIZED_AUTOS = YES_AGGRESSIVE;
				GCC_WARN_UNUSED_FUNCTION = YES;
				GCC_WARN_UNUSED_VARIABLE = YES;
				IPHONEOS_DEPLOYMENT_TARGET = 8.1;
				MTL_ENABLE_DEBUG_INFO = NO;
				SDKROOT = iphoneos;
				VALIDATE_PRODUCT = YES;
			};
			name = Release;
		};
		C312B0A31A1F1C20005B27FA /* Debug */ = {
			isa = XCBuildConfiguration;
			buildSettings = {
				ASSETCATALOG_COMPILER_APPICON_NAME = AppIcon;
				INFOPLIST_FILE = DDynamicButtonDemo/Info.plist;
				LD_RUNPATH_SEARCH_PATHS = "$(inherited) @executable_path/Frameworks";
				PRODUCT_NAME = "$(TARGET_NAME)";
			};
			name = Debug;
		};
		C312B0A41A1F1C20005B27FA /* Release */ = {
			isa = XCBuildConfiguration;
			buildSettings = {
				ASSETCATALOG_COMPILER_APPICON_NAME = AppIcon;
				INFOPLIST_FILE = DDynamicButtonDemo/Info.plist;
				LD_RUNPATH_SEARCH_PATHS = "$(inherited) @executable_path/Frameworks";
				PRODUCT_NAME = "$(TARGET_NAME)";
			};
			name = Release;
		};
		C312B0A61A1F1C20005B27FA /* Debug */ = {
			isa = XCBuildConfiguration;
			buildSettings = {
				BUNDLE_LOADER = "$(TEST_HOST)";
				FRAMEWORK_SEARCH_PATHS = (
					"$(SDKROOT)/Developer/Library/Frameworks",
					"$(inherited)",
				);
				GCC_PREPROCESSOR_DEFINITIONS = (
					"DEBUG=1",
					"$(inherited)",
				);
				INFOPLIST_FILE = DDynamicButtonDemoTests/Info.plist;
				LD_RUNPATH_SEARCH_PATHS = "$(inherited) @executable_path/Frameworks @loader_path/Frameworks";
				PRODUCT_NAME = "$(TARGET_NAME)";
				TEST_HOST = "$(BUILT_PRODUCTS_DIR)/DDynamicButtonDemo.app/DDynamicButtonDemo";
			};
			name = Debug;
		};
		C312B0A71A1F1C20005B27FA /* Release */ = {
			isa = XCBuildConfiguration;
			buildSettings = {
				BUNDLE_LOADER = "$(TEST_HOST)";
				FRAMEWORK_SEARCH_PATHS = (
					"$(SDKROOT)/Developer/Library/Frameworks",
					"$(inherited)",
				);
				INFOPLIST_FILE = DDynamicButtonDemoTests/Info.plist;
				LD_RUNPATH_SEARCH_PATHS = "$(inherited) @executable_path/Frameworks @loader_path/Frameworks";
				PRODUCT_NAME = "$(TARGET_NAME)";
				TEST_HOST = "$(BUILT_PRODUCTS_DIR)/DDynamicButtonDemo.app/DDynamicButtonDemo";
			};
			name = Release;
		};
/* End XCBuildConfiguration section */

/* Begin XCConfigurationList section */
		C312B07E1A1F1C1F005B27FA /* Build configuration list for PBXProject "DDynamicButtonDemo" */ = {
			isa = XCConfigurationList;
			buildConfigurations = (
				C312B0A01A1F1C20005B27FA /* Debug */,
				C312B0A11A1F1C20005B27FA /* Release */,
			);
			defaultConfigurationIsVisible = 0;
			defaultConfigurationName = Release;
		};
		C312B0A21A1F1C20005B27FA /* Build configuration list for PBXNativeTarget "DDynamicButtonDemo" */ = {
			isa = XCConfigurationList;
			buildConfigurations = (
				C312B0A31A1F1C20005B27FA /* Debug */,
				C312B0A41A1F1C20005B27FA /* Release */,
			);
			defaultConfigurationIsVisible = 0;
			defaultConfigurationName = Release;
		};
		C312B0A51A1F1C20005B27FA /* Build configuration list for PBXNativeTarget "DDynamicButtonDemoTests" */ = {
			isa = XCConfigurationList;
			buildConfigurations = (
				C312B0A61A1F1C20005B27FA /* Debug */,
				C312B0A71A1F1C20005B27FA /* Release */,
			);
			defaultConfigurationIsVisible = 0;
			defaultConfigurationName = Release;
		};
/* End XCConfigurationList section */
	};
	rootObject = C312B07B1A1F1C1F005B27FA /* Project object */;
}
